
Microsoft Visual Studio Solution File, Format Version 12.00
# Visual Studio 15
VisualStudioVersion = 15.0.27428.2005
MinimumVisualStudioVersion = 10.0.40219.1
Project("{FAE04EC0-301F-11D3-BF4B-00C04F79EFBC}") = "MaxMinThree", "MaxMinThree\MaxMinThree.csproj", "{91CC9B9E-C2EF-42B3-B001-8B53DAF06AEA}"
EndProject
Global
	GlobalSection(SolutionConfigurationPlatforms) = preSolution
		Debug|Any CPU = Debug|Any CPU
		Release|Any CPU = Release|Any CPU
	EndGlobalSection
	GlobalSection(ProjectConfigurationPlatforms) = postSolution
		{91CC9B9E-C2EF-42B3-B001-8B53DAF06AEA}.Debug|Any CPU.ActiveCfg = Debug|Any CPU
		{91CC9B9E-C2EF-42B3-B001-8B53DAF06AEA}.Debug|Any CPU.Build.0 = Debug|Any CPU
		{91CC9B9E-C2EF-42B3-B001-8B53DAF06AEA}.Release|Any CPU.ActiveCfg = Release|Any CPU
		{91CC9B9E-C2EF-42B3-B001-8B53DAF06AEA}.Release|Any CPU.Build.0 = Release|Any CPU
	EndGlobalSection
	GlobalSection(SolutionProperties) = preSolution
		HideSolutionNode = FALSE
	EndGlobalSection
	GlobalSection(ExtensibilityGlobals) = postSolution
		SolutionGuid = {FC1866BE-8D62-4311-92B3-6CFF761FB8D8}
	EndGlobalSection
EndGlobal
