
Microsoft Visual Studio Solution File, Format Version 12.00
# Visual Studio 15
VisualStudioVersion = 15.0.27428.2005
MinimumVisualStudioVersion = 10.0.40219.1
Project("{FAE04EC0-301F-11D3-BF4B-00C04F79EFBC}") = "Assignment12", "Assignment12\Assignment12.csproj", "{01D84F73-6898-4835-923E-F3230F7FF662}"
EndProject
Global
	GlobalSection(SolutionConfigurationPlatforms) = preSolution
		Debug|Any CPU = Debug|Any CPU
		Release|Any CPU = Release|Any CPU
	EndGlobalSection
	GlobalSection(ProjectConfigurationPlatforms) = postSolution
		{01D84F73-6898-4835-923E-F3230F7FF662}.Debug|Any CPU.ActiveCfg = Debug|Any CPU
		{01D84F73-6898-4835-923E-F3230F7FF662}.Debug|Any CPU.Build.0 = Debug|Any CPU
		{01D84F73-6898-4835-923E-F3230F7FF662}.Release|Any CPU.ActiveCfg = Release|Any CPU
		{01D84F73-6898-4835-923E-F3230F7FF662}.Release|Any CPU.Build.0 = Release|Any CPU
	EndGlobalSection
	GlobalSection(SolutionProperties) = preSolution
		HideSolutionNode = FALSE
	EndGlobalSection
	GlobalSection(ExtensibilityGlobals) = postSolution
		SolutionGuid = {016838C3-4E27-4232-A7DA-D899B2734226}
	EndGlobalSection
EndGlobal
