
Microsoft Visual Studio Solution File, Format Version 12.00
# Visual Studio 15
VisualStudioVersion = 15.0.27428.2005
MinimumVisualStudioVersion = 10.0.40219.1
Project("{FAE04EC0-301F-11D3-BF4B-00C04F79EFBC}") = "Assignment11", "Assignment11\Assignment11.csproj", "{EDED984D-89D6-417B-B429-BF588F921AE0}"
EndProject
Global
	GlobalSection(SolutionConfigurationPlatforms) = preSolution
		Debug|Any CPU = Debug|Any CPU
		Release|Any CPU = Release|Any CPU
	EndGlobalSection
	GlobalSection(ProjectConfigurationPlatforms) = postSolution
		{EDED984D-89D6-417B-B429-BF588F921AE0}.Debug|Any CPU.ActiveCfg = Debug|Any CPU
		{EDED984D-89D6-417B-B429-BF588F921AE0}.Debug|Any CPU.Build.0 = Debug|Any CPU
		{EDED984D-89D6-417B-B429-BF588F921AE0}.Release|Any CPU.ActiveCfg = Release|Any CPU
		{EDED984D-89D6-417B-B429-BF588F921AE0}.Release|Any CPU.Build.0 = Release|Any CPU
	EndGlobalSection
	GlobalSection(SolutionProperties) = preSolution
		HideSolutionNode = FALSE
	EndGlobalSection
	GlobalSection(ExtensibilityGlobals) = postSolution
		SolutionGuid = {3A86B822-FA16-4DA2-89F2-3997A2B4C674}
	EndGlobalSection
EndGlobal
