
Microsoft Visual Studio Solution File, Format Version 12.00
# Visual Studio 15
VisualStudioVersion = 15.0.27428.2005
MinimumVisualStudioVersion = 10.0.40219.1
Project("{FAE04EC0-301F-11D3-BF4B-00C04F79EFBC}") = "Assignment-10", "Assignment-10\Assignment-10.csproj", "{EBA77F51-ED4F-463B-BED4-E83A7DBB363D}"
EndProject
Global
	GlobalSection(SolutionConfigurationPlatforms) = preSolution
		Debug|Any CPU = Debug|Any CPU
		Release|Any CPU = Release|Any CPU
	EndGlobalSection
	GlobalSection(ProjectConfigurationPlatforms) = postSolution
		{EBA77F51-ED4F-463B-BED4-E83A7DBB363D}.Debug|Any CPU.ActiveCfg = Debug|Any CPU
		{EBA77F51-ED4F-463B-BED4-E83A7DBB363D}.Debug|Any CPU.Build.0 = Debug|Any CPU
		{EBA77F51-ED4F-463B-BED4-E83A7DBB363D}.Release|Any CPU.ActiveCfg = Release|Any CPU
		{EBA77F51-ED4F-463B-BED4-E83A7DBB363D}.Release|Any CPU.Build.0 = Release|Any CPU
	EndGlobalSection
	GlobalSection(SolutionProperties) = preSolution
		HideSolutionNode = FALSE
	EndGlobalSection
	GlobalSection(ExtensibilityGlobals) = postSolution
		SolutionGuid = {77F59CD9-84C6-41EA-BD21-38216BE4DC27}
	EndGlobalSection
EndGlobal
